# THIS IS AN AUTOGENERATED FILE. DO NOT EDIT THIS FILE DIRECTLY.
# yarn lockfile v1


"@types/node@10":
  version "10.17.26"
  resolved "https://registry.yarnpkg.com/@types/node/-/node-10.17.26.tgz#a8a119960bff16b823be4c617da028570779bcfd"
  integrity sha512-myMwkO2Cr82kirHY8uknNRHEVtn0wV3DTQfkrjx17jmkstDRZ24gNUdl8AHXVyVclTYI/bNjgTPTAWvWLqXqkw==
