# THIS IS AN AUTOGENERATED FILE. DO NOT EDIT THIS FILE DIRECTLY.
# yarn lockfile v1


"@types/node@10":
  version "10.17.28"
  resolved "https://registry.yarnpkg.com/@types/node/-/node-10.17.28.tgz#0e36d718a29355ee51cec83b42d921299200f6d9"
  integrity sha512-dzjES1Egb4c1a89C7lKwQh8pwjYmlOAG9dW1pBgxEk57tMrLnssOfEthz8kdkNaBd7lIqQx7APm5+mZ619IiCQ==
