# THIS IS AN AUTOGENERATED FILE. DO NOT EDIT THIS FILE DIRECTLY.
# yarn lockfile v1


"@types/node@8":
  version "8.10.50"
  resolved "https://registry.yarnpkg.com/@types/node/-/node-8.10.50.tgz#f3d68482b1f54b5f4fba8daaac385db12bb6a706"
  integrity sha512-+ZbcUwJdaBgOZpwXeT0v+gHC/jQbEfzoc9s4d0rN0JIKeQbuTrT+A2n1aQY6LpZjrLXJT7avVUqiCecCJeeZxA==
